
Microsoft Visual Studio Solution File, Format Version 12.00
# Visual Studio Version 17
VisualStudioVersion = 17.0.31903.59
MinimumVisualStudioVersion = 10.0.40219.1
Project("{FAE04EC0-301F-11D3-BF4B-00C04F79EFBC}") = "AnimalPerspective", "AnimalPerspective\AnimalPerspective.csproj", "{171AA058-BBB4-4BC6-AD25-217406A7DC91}"
EndProject
Project("{FAE04EC0-301F-11D3-BF4B-00C04F79EFBC}") = "PlayerManager1", "PlayerManager1\PlayerManager1.csproj", "{04ADCEDE-8E56-4166-9A96-66B5FA776921}"
EndProject
Global
	GlobalSection(SolutionConfigurationPlatforms) = preSolution
		Debug|Any CPU = Debug|Any CPU
		Release|Any CPU = Release|Any CPU
	EndGlobalSection
	GlobalSection(SolutionProperties) = preSolution
		HideSolutionNode = FALSE
	EndGlobalSection
	GlobalSection(ProjectConfigurationPlatforms) = postSolution
		{171AA058-BBB4-4BC6-AD25-217406A7DC91}.Debug|Any CPU.ActiveCfg = Debug|Any CPU
		{171AA058-BBB4-4BC6-AD25-217406A7DC91}.Debug|Any CPU.Build.0 = Debug|Any CPU
		{171AA058-BBB4-4BC6-AD25-217406A7DC91}.Release|Any CPU.ActiveCfg = Release|Any CPU
		{171AA058-BBB4-4BC6-AD25-217406A7DC91}.Release|Any CPU.Build.0 = Release|Any CPU
		{04ADCEDE-8E56-4166-9A96-66B5FA776921}.Debug|Any CPU.ActiveCfg = Debug|Any CPU
		{04ADCEDE-8E56-4166-9A96-66B5FA776921}.Debug|Any CPU.Build.0 = Debug|Any CPU
		{04ADCEDE-8E56-4166-9A96-66B5FA776921}.Release|Any CPU.ActiveCfg = Release|Any CPU
		{04ADCEDE-8E56-4166-9A96-66B5FA776921}.Release|Any CPU.Build.0 = Release|Any CPU
	EndGlobalSection
EndGlobal
